
Microsoft Visual Studio Solution File, Format Version 12.00
# Visual Studio 15
VisualStudioVersion = 15.0.27130.2003
MinimumVisualStudioVersion = 10.0.40219.1
Project("{FAE04EC0-301F-11D3-BF4B-00C04F79EFBC}") = "WindowsFormsApp1", "WindowsFormsApp1\WindowsFormsApp1.csproj", "{31E5B56B-CEEA-45DA-B8E2-25C0B5AD0F62}"
EndProject
Project("{9A19103F-16F7-4668-BE54-9A1E7A4F7556}") = "WebApplication6", "WebApplication6\WebApplication6.csproj", "{498232D2-58C4-477B-A5A5-EC551CA3CCDC}"
EndProject
Project("{FAE04EC0-301F-11D3-BF4B-00C04F79EFBC}") = "App1Adroid", "App1Adroid\App1Adroid.csproj", "{4878D625-DCEB-4B98-9FCF-DE0CDBED4007}"
EndProject
Project("{FAE04EC0-301F-11D3-BF4B-00C04F79EFBC}") = "WebApplication1net", "WebApplication1net\WebApplication1net.csproj", "{8838FDB1-7A91-48EE-B80E-E5928367B390}"
EndProject
Project("{E24C65DC-7377-472B-9ABA-BC803B73C61A}") = "WebSite1(1)", "WebSite1\", "{1FBB2506-F81B-4303-AE0E-0066C8E4FEAA}"
	ProjectSection(WebsiteProperties) = preProject
		TargetFrameworkMoniker = ".NETFramework,Version%3Dv4.6.1"
		Debug.AspNetCompiler.VirtualPath = "/localhost_65281"
		Debug.AspNetCompiler.PhysicalPath = "WebSite1\"
		Debug.AspNetCompiler.TargetPath = "PrecompiledWeb\localhost_65281\"
		Debug.AspNetCompiler.Updateable = "true"
		Debug.AspNetCompiler.ForceOverwrite = "true"
		Debug.AspNetCompiler.FixedNames = "false"
		Debug.AspNetCompiler.Debug = "True"
		Release.AspNetCompiler.VirtualPath = "/localhost_65281"
		Release.AspNetCompiler.PhysicalPath = "WebSite1\"
		Release.AspNetCompiler.TargetPath = "PrecompiledWeb\localhost_65281\"
		Release.AspNetCompiler.Updateable = "true"
		Release.AspNetCompiler.ForceOverwrite = "true"
		Release.AspNetCompiler.FixedNames = "false"
		Release.AspNetCompiler.Debug = "False"
		VWDPort = "65281"
		SlnRelativePath = "WebSite1\"
		DefaultWebSiteLanguage = "Visual C#"
	EndProjectSection
EndProject
Project("{9A19103F-16F7-4668-BE54-9A1E7A4F7556}") = "coreweb", "coreweb\coreweb.csproj", "{1BEB04EF-FDDD-4994-B68B-17F36087787D}"
EndProject
Project("{FAE04EC0-301F-11D3-BF4B-00C04F79EFBC}") = "HX", "HX\HX.csproj", "{287439B1-48A2-4E6E-BF7C-643B23FE90E7}"
EndProject
Project("{FAE04EC0-301F-11D3-BF4B-00C04F79EFBC}") = "APITest", "APITest\APITest.csproj", "{77535BE8-1FF7-4324-A373-2CDEB8E3DF0A}"
EndProject
Project("{FAE04EC0-301F-11D3-BF4B-00C04F79EFBC}") = "APITest.Tests", "APITest.Tests\APITest.Tests.csproj", "{1FA3C299-F00F-4D10-BC5E-5F2CAE743B04}"
EndProject
Project("{2150E333-8FDC-42A3-9474-1A3956D46DE8}") = "问题纪要", "问题纪要", "{A50CA8AD-DA5E-44C2-BB1C-02F0DE450CA1}"
	ProjectSection(SolutionItems) = preProject
		net-framework.txt = net-framework.txt
	EndProjectSection
EndProject
Project("{FAE04EC0-301F-11D3-BF4B-00C04F79EFBC}") = "APITest2", "APITest2\APITest2.csproj", "{42BF399C-781D-4542-8FBC-52415CD50BDF}"
EndProject
Global
	GlobalSection(SolutionConfigurationPlatforms) = preSolution
		Debug|Any CPU = Debug|Any CPU
		Release|Any CPU = Release|Any CPU
	EndGlobalSection
	GlobalSection(ProjectConfigurationPlatforms) = postSolution
		{31E5B56B-CEEA-45DA-B8E2-25C0B5AD0F62}.Debug|Any CPU.ActiveCfg = Debug|Any CPU
		{31E5B56B-CEEA-45DA-B8E2-25C0B5AD0F62}.Debug|Any CPU.Build.0 = Debug|Any CPU
		{31E5B56B-CEEA-45DA-B8E2-25C0B5AD0F62}.Release|Any CPU.ActiveCfg = Release|Any CPU
		{31E5B56B-CEEA-45DA-B8E2-25C0B5AD0F62}.Release|Any CPU.Build.0 = Release|Any CPU
		{498232D2-58C4-477B-A5A5-EC551CA3CCDC}.Debug|Any CPU.ActiveCfg = Debug|Any CPU
		{498232D2-58C4-477B-A5A5-EC551CA3CCDC}.Debug|Any CPU.Build.0 = Debug|Any CPU
		{498232D2-58C4-477B-A5A5-EC551CA3CCDC}.Release|Any CPU.ActiveCfg = Release|Any CPU
		{498232D2-58C4-477B-A5A5-EC551CA3CCDC}.Release|Any CPU.Build.0 = Release|Any CPU
		{4878D625-DCEB-4B98-9FCF-DE0CDBED4007}.Debug|Any CPU.ActiveCfg = Debug|Any CPU
		{4878D625-DCEB-4B98-9FCF-DE0CDBED4007}.Debug|Any CPU.Build.0 = Debug|Any CPU
		{4878D625-DCEB-4B98-9FCF-DE0CDBED4007}.Debug|Any CPU.Deploy.0 = Debug|Any CPU
		{4878D625-DCEB-4B98-9FCF-DE0CDBED4007}.Release|Any CPU.ActiveCfg = Release|Any CPU
		{4878D625-DCEB-4B98-9FCF-DE0CDBED4007}.Release|Any CPU.Build.0 = Release|Any CPU
		{4878D625-DCEB-4B98-9FCF-DE0CDBED4007}.Release|Any CPU.Deploy.0 = Release|Any CPU
		{8838FDB1-7A91-48EE-B80E-E5928367B390}.Debug|Any CPU.ActiveCfg = Debug|Any CPU
		{8838FDB1-7A91-48EE-B80E-E5928367B390}.Debug|Any CPU.Build.0 = Debug|Any CPU
		{8838FDB1-7A91-48EE-B80E-E5928367B390}.Release|Any CPU.ActiveCfg = Release|Any CPU
		{8838FDB1-7A91-48EE-B80E-E5928367B390}.Release|Any CPU.Build.0 = Release|Any CPU
		{1FBB2506-F81B-4303-AE0E-0066C8E4FEAA}.Debug|Any CPU.ActiveCfg = Debug|Any CPU
		{1FBB2506-F81B-4303-AE0E-0066C8E4FEAA}.Debug|Any CPU.Build.0 = Debug|Any CPU
		{1FBB2506-F81B-4303-AE0E-0066C8E4FEAA}.Release|Any CPU.ActiveCfg = Debug|Any CPU
		{1FBB2506-F81B-4303-AE0E-0066C8E4FEAA}.Release|Any CPU.Build.0 = Debug|Any CPU
		{1BEB04EF-FDDD-4994-B68B-17F36087787D}.Debug|Any CPU.ActiveCfg = Debug|Any CPU
		{1BEB04EF-FDDD-4994-B68B-17F36087787D}.Debug|Any CPU.Build.0 = Debug|Any CPU
		{1BEB04EF-FDDD-4994-B68B-17F36087787D}.Release|Any CPU.ActiveCfg = Release|Any CPU
		{1BEB04EF-FDDD-4994-B68B-17F36087787D}.Release|Any CPU.Build.0 = Release|Any CPU
		{287439B1-48A2-4E6E-BF7C-643B23FE90E7}.Debug|Any CPU.ActiveCfg = Debug|Any CPU
		{287439B1-48A2-4E6E-BF7C-643B23FE90E7}.Debug|Any CPU.Build.0 = Debug|Any CPU
		{287439B1-48A2-4E6E-BF7C-643B23FE90E7}.Release|Any CPU.ActiveCfg = Release|Any CPU
		{287439B1-48A2-4E6E-BF7C-643B23FE90E7}.Release|Any CPU.Build.0 = Release|Any CPU
		{77535BE8-1FF7-4324-A373-2CDEB8E3DF0A}.Debug|Any CPU.ActiveCfg = Debug|Any CPU
		{77535BE8-1FF7-4324-A373-2CDEB8E3DF0A}.Debug|Any CPU.Build.0 = Debug|Any CPU
		{77535BE8-1FF7-4324-A373-2CDEB8E3DF0A}.Release|Any CPU.ActiveCfg = Release|Any CPU
		{77535BE8-1FF7-4324-A373-2CDEB8E3DF0A}.Release|Any CPU.Build.0 = Release|Any CPU
		{1FA3C299-F00F-4D10-BC5E-5F2CAE743B04}.Debug|Any CPU.ActiveCfg = Debug|Any CPU
		{1FA3C299-F00F-4D10-BC5E-5F2CAE743B04}.Debug|Any CPU.Build.0 = Debug|Any CPU
		{1FA3C299-F00F-4D10-BC5E-5F2CAE743B04}.Release|Any CPU.ActiveCfg = Release|Any CPU
		{1FA3C299-F00F-4D10-BC5E-5F2CAE743B04}.Release|Any CPU.Build.0 = Release|Any CPU
		{42BF399C-781D-4542-8FBC-52415CD50BDF}.Debug|Any CPU.ActiveCfg = Debug|Any CPU
		{42BF399C-781D-4542-8FBC-52415CD50BDF}.Debug|Any CPU.Build.0 = Debug|Any CPU
		{42BF399C-781D-4542-8FBC-52415CD50BDF}.Release|Any CPU.ActiveCfg = Release|Any CPU
		{42BF399C-781D-4542-8FBC-52415CD50BDF}.Release|Any CPU.Build.0 = Release|Any CPU
	EndGlobalSection
	GlobalSection(SolutionProperties) = preSolution
		HideSolutionNode = FALSE
	EndGlobalSection
	GlobalSection(ExtensibilityGlobals) = postSolution
		SolutionGuid = {2091687E-1779-4FB9-A33F-DD99886B04E8}
	EndGlobalSection
EndGlobal
