
Microsoft Visual Studio Solution File, Format Version 12.00
# Visual Studio 15
VisualStudioVersion = 15.0.27130.2003
MinimumVisualStudioVersion = 10.0.40219.1
Project("{FAE04EC0-301F-11D3-BF4B-00C04F79EFBC}") = "WindowsFormsApp1", "WindowsFormsApp1\WindowsFormsApp1.csproj", "{31E5B56B-CEEA-45DA-B8E2-25C0B5AD0F62}"
EndProject
Project("{9A19103F-16F7-4668-BE54-9A1E7A4F7556}") = "WebApplication6", "WebApplication6\WebApplication6.csproj", "{498232D2-58C4-477B-A5A5-EC551CA3CCDC}"
EndProject
Project("{FAE04EC0-301F-11D3-BF4B-00C04F79EFBC}") = "App1Adroid", "App1Adroid\App1Adroid.csproj", "{4878D625-DCEB-4B98-9FCF-DE0CDBED4007}"
EndProject
Project("{FAE04EC0-301F-11D3-BF4B-00C04F79EFBC}") = "WebApplication1net", "WebApplication1net\WebApplication1net.csproj", "{8838FDB1-7A91-48EE-B80E-E5928367B390}"
EndProject
Global
	GlobalSection(SolutionConfigurationPlatforms) = preSolution
		Debug|Any CPU = Debug|Any CPU
		Release|Any CPU = Release|Any CPU
	EndGlobalSection
	GlobalSection(ProjectConfigurationPlatforms) = postSolution
		{31E5B56B-CEEA-45DA-B8E2-25C0B5AD0F62}.Debug|Any CPU.ActiveCfg = Debug|Any CPU
		{31E5B56B-CEEA-45DA-B8E2-25C0B5AD0F62}.Debug|Any CPU.Build.0 = Debug|Any CPU
		{31E5B56B-CEEA-45DA-B8E2-25C0B5AD0F62}.Release|Any CPU.ActiveCfg = Release|Any CPU
		{31E5B56B-CEEA-45DA-B8E2-25C0B5AD0F62}.Release|Any CPU.Build.0 = Release|Any CPU
		{498232D2-58C4-477B-A5A5-EC551CA3CCDC}.Debug|Any CPU.ActiveCfg = Debug|Any CPU
		{498232D2-58C4-477B-A5A5-EC551CA3CCDC}.Debug|Any CPU.Build.0 = Debug|Any CPU
		{498232D2-58C4-477B-A5A5-EC551CA3CCDC}.Release|Any CPU.ActiveCfg = Release|Any CPU
		{498232D2-58C4-477B-A5A5-EC551CA3CCDC}.Release|Any CPU.Build.0 = Release|Any CPU
		{4878D625-DCEB-4B98-9FCF-DE0CDBED4007}.Debug|Any CPU.ActiveCfg = Debug|Any CPU
		{4878D625-DCEB-4B98-9FCF-DE0CDBED4007}.Debug|Any CPU.Build.0 = Debug|Any CPU
		{4878D625-DCEB-4B98-9FCF-DE0CDBED4007}.Debug|Any CPU.Deploy.0 = Debug|Any CPU
		{4878D625-DCEB-4B98-9FCF-DE0CDBED4007}.Release|Any CPU.ActiveCfg = Release|Any CPU
		{4878D625-DCEB-4B98-9FCF-DE0CDBED4007}.Release|Any CPU.Build.0 = Release|Any CPU
		{4878D625-DCEB-4B98-9FCF-DE0CDBED4007}.Release|Any CPU.Deploy.0 = Release|Any CPU
		{8838FDB1-7A91-48EE-B80E-E5928367B390}.Debug|Any CPU.ActiveCfg = Debug|Any CPU
		{8838FDB1-7A91-48EE-B80E-E5928367B390}.Debug|Any CPU.Build.0 = Debug|Any CPU
		{8838FDB1-7A91-48EE-B80E-E5928367B390}.Release|Any CPU.ActiveCfg = Release|Any CPU
		{8838FDB1-7A91-48EE-B80E-E5928367B390}.Release|Any CPU.Build.0 = Release|Any CPU
	EndGlobalSection
	GlobalSection(SolutionProperties) = preSolution
		HideSolutionNode = FALSE
	EndGlobalSection
	GlobalSection(ExtensibilityGlobals) = postSolution
		SolutionGuid = {2091687E-1779-4FB9-A33F-DD99886B04E8}
	EndGlobalSection
EndGlobal
